
Microsoft Visual Studio Solution File, Format Version 12.00
# Visual Studio 14
VisualStudioVersion = 14.0.24720.0
MinimumVisualStudioVersion = 10.0.40219.1
Project("{FAE04EC0-301F-11D3-BF4B-00C04F79EFBC}") = "Singleton", "Singleton.csproj", "{57341DB0-0B1A-43B5-90DF-23364EEEDCCC}"
EndProject
Global
	GlobalSection(SolutionConfigurationPlatforms) = preSolution
		Debug|Any CPU = Debug|Any CPU
		Release|Any CPU = Release|Any CPU
	EndGlobalSection
	GlobalSection(ProjectConfigurationPlatforms) = postSolution
		{57341DB0-0B1A-43B5-90DF-23364EEEDCCC}.Debug|Any CPU.ActiveCfg = Debug|Any CPU
		{57341DB0-0B1A-43B5-90DF-23364EEEDCCC}.Debug|Any CPU.Build.0 = Debug|Any CPU
		{57341DB0-0B1A-43B5-90DF-23364EEEDCCC}.Release|Any CPU.ActiveCfg = Release|Any CPU
		{57341DB0-0B1A-43B5-90DF-23364EEEDCCC}.Release|Any CPU.Build.0 = Release|Any CPU
	EndGlobalSection
	GlobalSection(SolutionProperties) = preSolution
		HideSolutionNode = FALSE
	EndGlobalSection
EndGlobal
