
Microsoft Visual Studio Solution File, Format Version 12.00
# Visual Studio 14
VisualStudioVersion = 14.0.24720.0
MinimumVisualStudioVersion = 10.0.40219.1
Project("{FAE04EC0-301F-11D3-BF4B-00C04F79EFBC}") = "VoyageurCommerce", "VoyageurCommerce\VoyageurCommerce.csproj", "{F45F132F-4743-4197-9E00-340F818631EA}"
EndProject
Project("{FAE04EC0-301F-11D3-BF4B-00C04F79EFBC}") = "Voyageur DAL", "Voyageur DAL\Voyageur DAL.csproj", "{89825BDB-E6F8-4D2E-AC5E-28097C4FF7B4}"
EndProject
Project("{FAE04EC0-301F-11D3-BF4B-00C04F79EFBC}") = "Voyageur BOL", "Voyageur BOL\Voyageur BOL.csproj", "{624F3DCA-3A30-47DC-B8F6-E44D6CA4FD0A}"
EndProject
Project("{FAE04EC0-301F-11D3-BF4B-00C04F79EFBC}") = "Voyageur UIL", "Voyageur UIL\Voyageur UIL.csproj", "{2F44FFAE-52F3-44FD-BAF9-6169BA280147}"
EndProject
Global
	GlobalSection(SolutionConfigurationPlatforms) = preSolution
		Debug|Any CPU = Debug|Any CPU
		Release|Any CPU = Release|Any CPU
	EndGlobalSection
	GlobalSection(ProjectConfigurationPlatforms) = postSolution
		{F45F132F-4743-4197-9E00-340F818631EA}.Debug|Any CPU.ActiveCfg = Debug|Any CPU
		{F45F132F-4743-4197-9E00-340F818631EA}.Debug|Any CPU.Build.0 = Debug|Any CPU
		{F45F132F-4743-4197-9E00-340F818631EA}.Release|Any CPU.ActiveCfg = Release|Any CPU
		{F45F132F-4743-4197-9E00-340F818631EA}.Release|Any CPU.Build.0 = Release|Any CPU
		{89825BDB-E6F8-4D2E-AC5E-28097C4FF7B4}.Debug|Any CPU.ActiveCfg = Debug|Any CPU
		{89825BDB-E6F8-4D2E-AC5E-28097C4FF7B4}.Debug|Any CPU.Build.0 = Debug|Any CPU
		{89825BDB-E6F8-4D2E-AC5E-28097C4FF7B4}.Release|Any CPU.ActiveCfg = Release|Any CPU
		{89825BDB-E6F8-4D2E-AC5E-28097C4FF7B4}.Release|Any CPU.Build.0 = Release|Any CPU
		{624F3DCA-3A30-47DC-B8F6-E44D6CA4FD0A}.Debug|Any CPU.ActiveCfg = Debug|Any CPU
		{624F3DCA-3A30-47DC-B8F6-E44D6CA4FD0A}.Debug|Any CPU.Build.0 = Debug|Any CPU
		{624F3DCA-3A30-47DC-B8F6-E44D6CA4FD0A}.Release|Any CPU.ActiveCfg = Release|Any CPU
		{624F3DCA-3A30-47DC-B8F6-E44D6CA4FD0A}.Release|Any CPU.Build.0 = Release|Any CPU
		{2F44FFAE-52F3-44FD-BAF9-6169BA280147}.Debug|Any CPU.ActiveCfg = Debug|Any CPU
		{2F44FFAE-52F3-44FD-BAF9-6169BA280147}.Debug|Any CPU.Build.0 = Debug|Any CPU
		{2F44FFAE-52F3-44FD-BAF9-6169BA280147}.Release|Any CPU.ActiveCfg = Release|Any CPU
		{2F44FFAE-52F3-44FD-BAF9-6169BA280147}.Release|Any CPU.Build.0 = Release|Any CPU
	EndGlobalSection
	GlobalSection(SolutionProperties) = preSolution
		HideSolutionNode = FALSE
	EndGlobalSection
EndGlobal
