
Microsoft Visual Studio Solution File, Format Version 12.00
# Visual Studio 14
VisualStudioVersion = 14.0.25420.1
MinimumVisualStudioVersion = 10.0.40219.1
Project("{FAE04EC0-301F-11D3-BF4B-00C04F79EFBC}") = "Chifoumi", "Chifoumi\Chifoumi.csproj", "{24927403-A57E-4C6D-A572-CA959B419023}"
EndProject
Project("{FAE04EC0-301F-11D3-BF4B-00C04F79EFBC}") = "Classes", "ClassLibrary1\Classes.csproj", "{DF23C244-DDA1-49D5-954A-C0A6AF7608B2}"
EndProject
Global
	GlobalSection(SolutionConfigurationPlatforms) = preSolution
		Debug|Any CPU = Debug|Any CPU
		Release|Any CPU = Release|Any CPU
	EndGlobalSection
	GlobalSection(ProjectConfigurationPlatforms) = postSolution
		{24927403-A57E-4C6D-A572-CA959B419023}.Debug|Any CPU.ActiveCfg = Debug|Any CPU
		{24927403-A57E-4C6D-A572-CA959B419023}.Debug|Any CPU.Build.0 = Debug|Any CPU
		{24927403-A57E-4C6D-A572-CA959B419023}.Release|Any CPU.ActiveCfg = Release|Any CPU
		{24927403-A57E-4C6D-A572-CA959B419023}.Release|Any CPU.Build.0 = Release|Any CPU
		{DF23C244-DDA1-49D5-954A-C0A6AF7608B2}.Debug|Any CPU.ActiveCfg = Debug|Any CPU
		{DF23C244-DDA1-49D5-954A-C0A6AF7608B2}.Debug|Any CPU.Build.0 = Debug|Any CPU
		{DF23C244-DDA1-49D5-954A-C0A6AF7608B2}.Release|Any CPU.ActiveCfg = Release|Any CPU
		{DF23C244-DDA1-49D5-954A-C0A6AF7608B2}.Release|Any CPU.Build.0 = Release|Any CPU
	EndGlobalSection
	GlobalSection(SolutionProperties) = preSolution
		HideSolutionNode = FALSE
	EndGlobalSection
EndGlobal
