
Microsoft Visual Studio Solution File, Format Version 12.00
# Visual Studio 14
VisualStudioVersion = 14.0.25420.1
MinimumVisualStudioVersion = 10.0.40219.1
Project("{FAE04EC0-301F-11D3-BF4B-00C04F79EFBC}") = "Bases", "Bases\Bases.csproj", "{501E8CEB-F24C-40D6-AB28-8C3903A2D0FE}"
EndProject
Project("{FAE04EC0-301F-11D3-BF4B-00C04F79EFBC}") = "Calculatrice", "Calculatrice\Calculatrice.csproj", "{AEC6C01C-EDFF-46F4-B4E3-8BE7B8D8C9A2}"
EndProject
Project("{FAE04EC0-301F-11D3-BF4B-00C04F79EFBC}") = "Tableau", "Tableau\Tableau.csproj", "{18474914-2BF4-4E9B-A4DA-95AA0C30ED4D}"
EndProject
Project("{FAE04EC0-301F-11D3-BF4B-00C04F79EFBC}") = "Conversions", "Conversions\Conversions.csproj", "{AA206350-4CDF-42E0-9954-E23F038B0B66}"
EndProject
Project("{FAE04EC0-301F-11D3-BF4B-00C04F79EFBC}") = "Construction", "Construction\Construction.csproj", "{3EB09117-0141-49F1-9852-04C5BB7BB8DE}"
EndProject
Project("{FAE04EC0-301F-11D3-BF4B-00C04F79EFBC}") = "GC", "GC\GC.csproj", "{5EBFA818-8CF0-4798-A5F0-EC0A4444E04A}"
EndProject
Project("{FAE04EC0-301F-11D3-BF4B-00C04F79EFBC}") = "Virtuel", "Virtuel\Virtuel.csproj", "{829936AB-4AD8-4EF7-BE79-3573881084B1}"
EndProject
Project("{FAE04EC0-301F-11D3-BF4B-00C04F79EFBC}") = "Operateur", "Operateur\Operateur.csproj", "{215BD214-B5B9-402F-A507-8B0DC5556236}"
EndProject
Project("{2150E333-8FDC-42A3-9474-1A3956D46DE8}") = "Delegues", "Delegues", "{89FA23A7-6C87-45FA-8B6E-637CED398693}"
EndProject
Project("{FAE04EC0-301F-11D3-BF4B-00C04F79EFBC}") = "CentraleNucleaire", "CentraleNucleaire\CentraleNucleaire.csproj", "{7815578E-DDBF-43CF-8842-0E680B6AD57E}"
EndProject
Project("{FAE04EC0-301F-11D3-BF4B-00C04F79EFBC}") = "Multitache", "Multitache\Multitache.csproj", "{58393B36-8BE8-4D77-AF3A-8046C1E29415}"
EndProject
Project("{FAE04EC0-301F-11D3-BF4B-00C04F79EFBC}") = "Exo1", "Exo1\Exo1.csproj", "{1E320952-3DCE-4FBD-8451-C8B333872F67}"
EndProject
Project("{FAE04EC0-301F-11D3-BF4B-00C04F79EFBC}") = "LaFabrique", "LaFabrique\LaFabrique.csproj", "{ED48805A-0CBF-41CC-BC11-811991D26ABC}"
EndProject
Project("{2150E333-8FDC-42A3-9474-1A3956D46DE8}") = "Nouveautés", "Nouveautés", "{48FF096D-E959-43FD-82DB-EF58B7F2202B}"
EndProject
Project("{FAE04EC0-301F-11D3-BF4B-00C04F79EFBC}") = "Link", "Link\Link.csproj", "{EFDB9573-9FDD-413F-9EFA-31A9D5EABBEA}"
EndProject
Project("{FAE04EC0-301F-11D3-BF4B-00C04F79EFBC}") = "Delegue", "Delegue\Delegue.csproj", "{B5F76D45-E98B-46A3-951A-9E53AF8B889E}"
EndProject
Project("{FAE04EC0-301F-11D3-BF4B-00C04F79EFBC}") = "methode extensin", "methode extensin\methode extensin.csproj", "{55E24E52-CAB7-496C-B420-E12AFF2961CB}"
EndProject
Project("{FAE04EC0-301F-11D3-BF4B-00C04F79EFBC}") = "Nullable", "Nullable\Nullable.csproj", "{7089C91A-956A-4BAC-A191-A49AEF96BAC0}"
EndProject
Project("{FAE04EC0-301F-11D3-BF4B-00C04F79EFBC}") = "Serialisation", "Serialisation\Serialisation.csproj", "{7DDF2970-9FEF-412E-B902-7D369911E38E}"
EndProject
Project("{FAE04EC0-301F-11D3-BF4B-00C04F79EFBC}") = "getset", "getset\getset.csproj", "{369C0A4A-2D3A-45DE-8481-35FCFEA0C7E8}"
EndProject
Global
	GlobalSection(SolutionConfigurationPlatforms) = preSolution
		Debug|Any CPU = Debug|Any CPU
		Release|Any CPU = Release|Any CPU
	EndGlobalSection
	GlobalSection(ProjectConfigurationPlatforms) = postSolution
		{501E8CEB-F24C-40D6-AB28-8C3903A2D0FE}.Debug|Any CPU.ActiveCfg = Debug|Any CPU
		{501E8CEB-F24C-40D6-AB28-8C3903A2D0FE}.Debug|Any CPU.Build.0 = Debug|Any CPU
		{501E8CEB-F24C-40D6-AB28-8C3903A2D0FE}.Release|Any CPU.ActiveCfg = Release|Any CPU
		{501E8CEB-F24C-40D6-AB28-8C3903A2D0FE}.Release|Any CPU.Build.0 = Release|Any CPU
		{AEC6C01C-EDFF-46F4-B4E3-8BE7B8D8C9A2}.Debug|Any CPU.ActiveCfg = Debug|Any CPU
		{AEC6C01C-EDFF-46F4-B4E3-8BE7B8D8C9A2}.Debug|Any CPU.Build.0 = Debug|Any CPU
		{AEC6C01C-EDFF-46F4-B4E3-8BE7B8D8C9A2}.Release|Any CPU.ActiveCfg = Release|Any CPU
		{AEC6C01C-EDFF-46F4-B4E3-8BE7B8D8C9A2}.Release|Any CPU.Build.0 = Release|Any CPU
		{18474914-2BF4-4E9B-A4DA-95AA0C30ED4D}.Debug|Any CPU.ActiveCfg = Debug|Any CPU
		{18474914-2BF4-4E9B-A4DA-95AA0C30ED4D}.Debug|Any CPU.Build.0 = Debug|Any CPU
		{18474914-2BF4-4E9B-A4DA-95AA0C30ED4D}.Release|Any CPU.ActiveCfg = Release|Any CPU
		{18474914-2BF4-4E9B-A4DA-95AA0C30ED4D}.Release|Any CPU.Build.0 = Release|Any CPU
		{AA206350-4CDF-42E0-9954-E23F038B0B66}.Debug|Any CPU.ActiveCfg = Debug|Any CPU
		{AA206350-4CDF-42E0-9954-E23F038B0B66}.Debug|Any CPU.Build.0 = Debug|Any CPU
		{AA206350-4CDF-42E0-9954-E23F038B0B66}.Release|Any CPU.ActiveCfg = Release|Any CPU
		{AA206350-4CDF-42E0-9954-E23F038B0B66}.Release|Any CPU.Build.0 = Release|Any CPU
		{3EB09117-0141-49F1-9852-04C5BB7BB8DE}.Debug|Any CPU.ActiveCfg = Debug|Any CPU
		{3EB09117-0141-49F1-9852-04C5BB7BB8DE}.Debug|Any CPU.Build.0 = Debug|Any CPU
		{3EB09117-0141-49F1-9852-04C5BB7BB8DE}.Release|Any CPU.ActiveCfg = Release|Any CPU
		{3EB09117-0141-49F1-9852-04C5BB7BB8DE}.Release|Any CPU.Build.0 = Release|Any CPU
		{5EBFA818-8CF0-4798-A5F0-EC0A4444E04A}.Debug|Any CPU.ActiveCfg = Debug|Any CPU
		{5EBFA818-8CF0-4798-A5F0-EC0A4444E04A}.Debug|Any CPU.Build.0 = Debug|Any CPU
		{5EBFA818-8CF0-4798-A5F0-EC0A4444E04A}.Release|Any CPU.ActiveCfg = Release|Any CPU
		{5EBFA818-8CF0-4798-A5F0-EC0A4444E04A}.Release|Any CPU.Build.0 = Release|Any CPU
		{829936AB-4AD8-4EF7-BE79-3573881084B1}.Debug|Any CPU.ActiveCfg = Debug|Any CPU
		{829936AB-4AD8-4EF7-BE79-3573881084B1}.Debug|Any CPU.Build.0 = Debug|Any CPU
		{829936AB-4AD8-4EF7-BE79-3573881084B1}.Release|Any CPU.ActiveCfg = Release|Any CPU
		{829936AB-4AD8-4EF7-BE79-3573881084B1}.Release|Any CPU.Build.0 = Release|Any CPU
		{215BD214-B5B9-402F-A507-8B0DC5556236}.Debug|Any CPU.ActiveCfg = Debug|Any CPU
		{215BD214-B5B9-402F-A507-8B0DC5556236}.Debug|Any CPU.Build.0 = Debug|Any CPU
		{215BD214-B5B9-402F-A507-8B0DC5556236}.Release|Any CPU.ActiveCfg = Release|Any CPU
		{215BD214-B5B9-402F-A507-8B0DC5556236}.Release|Any CPU.Build.0 = Release|Any CPU
		{7815578E-DDBF-43CF-8842-0E680B6AD57E}.Debug|Any CPU.ActiveCfg = Debug|Any CPU
		{7815578E-DDBF-43CF-8842-0E680B6AD57E}.Debug|Any CPU.Build.0 = Debug|Any CPU
		{7815578E-DDBF-43CF-8842-0E680B6AD57E}.Release|Any CPU.ActiveCfg = Release|Any CPU
		{7815578E-DDBF-43CF-8842-0E680B6AD57E}.Release|Any CPU.Build.0 = Release|Any CPU
		{58393B36-8BE8-4D77-AF3A-8046C1E29415}.Debug|Any CPU.ActiveCfg = Debug|Any CPU
		{58393B36-8BE8-4D77-AF3A-8046C1E29415}.Debug|Any CPU.Build.0 = Debug|Any CPU
		{58393B36-8BE8-4D77-AF3A-8046C1E29415}.Release|Any CPU.ActiveCfg = Release|Any CPU
		{58393B36-8BE8-4D77-AF3A-8046C1E29415}.Release|Any CPU.Build.0 = Release|Any CPU
		{1E320952-3DCE-4FBD-8451-C8B333872F67}.Debug|Any CPU.ActiveCfg = Debug|Any CPU
		{1E320952-3DCE-4FBD-8451-C8B333872F67}.Debug|Any CPU.Build.0 = Debug|Any CPU
		{1E320952-3DCE-4FBD-8451-C8B333872F67}.Release|Any CPU.ActiveCfg = Release|Any CPU
		{1E320952-3DCE-4FBD-8451-C8B333872F67}.Release|Any CPU.Build.0 = Release|Any CPU
		{ED48805A-0CBF-41CC-BC11-811991D26ABC}.Debug|Any CPU.ActiveCfg = Debug|Any CPU
		{ED48805A-0CBF-41CC-BC11-811991D26ABC}.Debug|Any CPU.Build.0 = Debug|Any CPU
		{ED48805A-0CBF-41CC-BC11-811991D26ABC}.Release|Any CPU.ActiveCfg = Release|Any CPU
		{ED48805A-0CBF-41CC-BC11-811991D26ABC}.Release|Any CPU.Build.0 = Release|Any CPU
		{EFDB9573-9FDD-413F-9EFA-31A9D5EABBEA}.Debug|Any CPU.ActiveCfg = Debug|Any CPU
		{EFDB9573-9FDD-413F-9EFA-31A9D5EABBEA}.Debug|Any CPU.Build.0 = Debug|Any CPU
		{EFDB9573-9FDD-413F-9EFA-31A9D5EABBEA}.Release|Any CPU.ActiveCfg = Release|Any CPU
		{EFDB9573-9FDD-413F-9EFA-31A9D5EABBEA}.Release|Any CPU.Build.0 = Release|Any CPU
		{B5F76D45-E98B-46A3-951A-9E53AF8B889E}.Debug|Any CPU.ActiveCfg = Debug|Any CPU
		{B5F76D45-E98B-46A3-951A-9E53AF8B889E}.Debug|Any CPU.Build.0 = Debug|Any CPU
		{B5F76D45-E98B-46A3-951A-9E53AF8B889E}.Release|Any CPU.ActiveCfg = Release|Any CPU
		{B5F76D45-E98B-46A3-951A-9E53AF8B889E}.Release|Any CPU.Build.0 = Release|Any CPU
		{55E24E52-CAB7-496C-B420-E12AFF2961CB}.Debug|Any CPU.ActiveCfg = Debug|Any CPU
		{55E24E52-CAB7-496C-B420-E12AFF2961CB}.Debug|Any CPU.Build.0 = Debug|Any CPU
		{55E24E52-CAB7-496C-B420-E12AFF2961CB}.Release|Any CPU.ActiveCfg = Release|Any CPU
		{55E24E52-CAB7-496C-B420-E12AFF2961CB}.Release|Any CPU.Build.0 = Release|Any CPU
		{7089C91A-956A-4BAC-A191-A49AEF96BAC0}.Debug|Any CPU.ActiveCfg = Debug|Any CPU
		{7089C91A-956A-4BAC-A191-A49AEF96BAC0}.Debug|Any CPU.Build.0 = Debug|Any CPU
		{7089C91A-956A-4BAC-A191-A49AEF96BAC0}.Release|Any CPU.ActiveCfg = Release|Any CPU
		{7089C91A-956A-4BAC-A191-A49AEF96BAC0}.Release|Any CPU.Build.0 = Release|Any CPU
		{7DDF2970-9FEF-412E-B902-7D369911E38E}.Debug|Any CPU.ActiveCfg = Debug|Any CPU
		{7DDF2970-9FEF-412E-B902-7D369911E38E}.Debug|Any CPU.Build.0 = Debug|Any CPU
		{7DDF2970-9FEF-412E-B902-7D369911E38E}.Release|Any CPU.ActiveCfg = Release|Any CPU
		{7DDF2970-9FEF-412E-B902-7D369911E38E}.Release|Any CPU.Build.0 = Release|Any CPU
		{369C0A4A-2D3A-45DE-8481-35FCFEA0C7E8}.Debug|Any CPU.ActiveCfg = Debug|Any CPU
		{369C0A4A-2D3A-45DE-8481-35FCFEA0C7E8}.Debug|Any CPU.Build.0 = Debug|Any CPU
		{369C0A4A-2D3A-45DE-8481-35FCFEA0C7E8}.Release|Any CPU.ActiveCfg = Release|Any CPU
		{369C0A4A-2D3A-45DE-8481-35FCFEA0C7E8}.Release|Any CPU.Build.0 = Release|Any CPU
	EndGlobalSection
	GlobalSection(SolutionProperties) = preSolution
		HideSolutionNode = FALSE
	EndGlobalSection
	GlobalSection(NestedProjects) = preSolution
		{7815578E-DDBF-43CF-8842-0E680B6AD57E} = {89FA23A7-6C87-45FA-8B6E-637CED398693}
		{58393B36-8BE8-4D77-AF3A-8046C1E29415} = {89FA23A7-6C87-45FA-8B6E-637CED398693}
		{1E320952-3DCE-4FBD-8451-C8B333872F67} = {89FA23A7-6C87-45FA-8B6E-637CED398693}
		{EFDB9573-9FDD-413F-9EFA-31A9D5EABBEA} = {48FF096D-E959-43FD-82DB-EF58B7F2202B}
		{B5F76D45-E98B-46A3-951A-9E53AF8B889E} = {89FA23A7-6C87-45FA-8B6E-637CED398693}
		{55E24E52-CAB7-496C-B420-E12AFF2961CB} = {89FA23A7-6C87-45FA-8B6E-637CED398693}
	EndGlobalSection
EndGlobal
